
Microsoft Visual Studio Solution File, Format Version 12.00
# Visual Studio Version 17
VisualStudioVersion = 17.14.36202.13 d17.14
MinimumVisualStudioVersion = 10.0.40219.1
Project("{FAE04EC0-301F-11D3-BF4B-00C04F79EFBC}") = "Daily_Report_Assignment", "Daily_Report_Assignment.csproj", "{3712F54B-6C72-4571-9677-5E7BC2FD0A97}"
EndProject
Global
	GlobalSection(SolutionConfigurationPlatforms) = preSolution
		Debug|Any CPU = Debug|Any CPU
		Release|Any CPU = Release|Any CPU
	EndGlobalSection
	GlobalSection(ProjectConfigurationPlatforms) = postSolution
		{3712F54B-6C72-4571-9677-5E7BC2FD0A97}.Debug|Any CPU.ActiveCfg = Debug|Any CPU
		{3712F54B-6C72-4571-9677-5E7BC2FD0A97}.Debug|Any CPU.Build.0 = Debug|Any CPU
		{3712F54B-6C72-4571-9677-5E7BC2FD0A97}.Release|Any CPU.ActiveCfg = Release|Any CPU
		{3712F54B-6C72-4571-9677-5E7BC2FD0A97}.Release|Any CPU.Build.0 = Release|Any CPU
	EndGlobalSection
	GlobalSection(SolutionProperties) = preSolution
		HideSolutionNode = FALSE
	EndGlobalSection
	GlobalSection(ExtensibilityGlobals) = postSolution
		SolutionGuid = {E4FA851D-336F-4ABD-8876-B161D8F3A942}
	EndGlobalSection
EndGlobal
